// !$*UTF8*$!
{
	archiveVersion = 1;
	classes = {
	};
	objectVersion = 46;
	objects = {

/* Begin PBXBuildFile section */
		1608D9721DE710AB00636A21 /* AppDelegate.swift in Sources */ = {isa = PBXBuildFile; fileRef = 1608D9711DE710AB00636A21 /* AppDelegate.swift */; };
		1608D9741DE710AB00636A21 /* ViewController.swift in Sources */ = {isa = PBXBuildFile; fileRef = 1608D9731DE710AB00636A21 /* ViewController.swift */; };
		1608D9771DE710AB00636A21 /* Main.storyboard in Resources */ = {isa = PBXBuildFile; fileRef = 1608D9751DE710AB00636A21 /* Main.storyboard */; };
		1608D9791DE710AB00636A21 /* Assets.xcassets in Resources */ = {isa = PBXBuildFile; fileRef = 1608D9781DE710AB00636A21 /* Assets.xcassets */; };
		1608D97C1DE710AB00636A21 /* LaunchScreen.storyboard in Resources */ = {isa = PBXBuildFile; fileRef = 1608D97A1DE710AB00636A21 /* LaunchScreen.storyboard */; };
		1608D9841DE710BC00636A21 /* Color.swift in Sources */ = {isa = PBXBuildFile; fileRef = 1608D9831DE710BC00636A21 /* Color.swift */; };
		1608D9951DE7110400636A21 /* FlexboxLayout.framework in Frameworks */ = {isa = PBXBuildFile; fileRef = 1608D98C1DE710D600636A21 /* FlexboxLayout.framework */; };
		1608D9961DE7110400636A21 /* FlexboxLayout.framework in Embed Frameworks */ = {isa = PBXBuildFile; fileRef = 1608D98C1DE710D600636A21 /* FlexboxLayout.framework */; settings = {ATTRIBUTES = (CodeSignOnCopy, RemoveHeadersOnCopy, ); }; };
/* End PBXBuildFile section */

/* Begin PBXContainerItemProxy section */
		1608D98B1DE710D600636A21 /* PBXContainerItemProxy */ = {
			isa = PBXContainerItemProxy;
			containerPortal = 1608D9851DE710D600636A21 /* FlexboxLayout.xcodeproj */;
			proxyType = 2;
			remoteGlobalIDString = 16C073791C889D09005EB8DD;
			remoteInfo = FlexboxLayout;
		};
		1608D98D1DE710D600636A21 /* PBXContainerItemProxy */ = {
			isa = PBXContainerItemProxy;
			containerPortal = 1608D9851DE710D600636A21 /* FlexboxLayout.xcodeproj */;
			proxyType = 2;
			remoteGlobalIDString = 168E96411C89AF6B00AEEC7F;
			remoteInfo = Demo;
		};
		1608D98F1DE710D600636A21 /* PBXContainerItemProxy */ = {
			isa = PBXContainerItemProxy;
			containerPortal = 1608D9851DE710D600636A21 /* FlexboxLayout.xcodeproj */;
			proxyType = 2;
			remoteGlobalIDString = 161499111CEC8CDD00021604;
			remoteInfo = DemoMacOS;
		};
		1608D9971DE7110400636A21 /* PBXContainerItemProxy */ = {
			isa = PBXContainerItemProxy;
			containerPortal = 1608D9851DE710D600636A21 /* FlexboxLayout.xcodeproj */;
			proxyType = 1;
			remoteGlobalIDString = 16C073781C889D09005EB8DD;
			remoteInfo = FlexboxLayout;
		};
/* End PBXContainerItemProxy section */

/* Begin PBXCopyFilesBuildPhase section */
		1608D9991DE7110400636A21 /* Embed Frameworks */ = {
			isa = PBXCopyFilesBuildPhase;
			buildActionMask = 2147483647;
			dstPath = "";
			dstSubfolderSpec = 10;
			files = (
				1608D9961DE7110400636A21 /* FlexboxLayout.framework in Embed Frameworks */,
			);
			name = "Embed Frameworks";
			runOnlyForDeploymentPostprocessing = 0;
		};
/* End PBXCopyFilesBuildPhase section */

/* Begin PBXFileReference section */
		1608D96E1DE710AB00636A21 /* Demo.app */ = {isa = PBXFileReference; explicitFileType = wrapper.application; includeInIndex = 0; path = Demo.app; sourceTree = BUILT_PRODUCTS_DIR; };
		1608D9711DE710AB00636A21 /* AppDelegate.swift */ = {isa = PBXFileReference; lastKnownFileType = sourcecode.swift; path = AppDelegate.swift; sourceTree = "<group>"; };
		1608D9731DE710AB00636A21 /* ViewController.swift */ = {isa = PBXFileReference; lastKnownFileType = sourcecode.swift; path = ViewController.swift; sourceTree = "<group>"; };
		1608D9761DE710AB00636A21 /* Base */ = {isa = PBXFileReference; lastKnownFileType = file.storyboard; name = Base; path = Base.lproj/Main.storyboard; sourceTree = "<group>"; };
		1608D9781DE710AB00636A21 /* Assets.xcassets */ = {isa = PBXFileReference; lastKnownFileType = folder.assetcatalog; path = Assets.xcassets; sourceTree = "<group>"; };
		1608D97B1DE710AB00636A21 /* Base */ = {isa = PBXFileReference; lastKnownFileType = file.storyboard; name = Base; path = Base.lproj/LaunchScreen.storyboard; sourceTree = "<group>"; };
		1608D97D1DE710AB00636A21 /* Info.plist */ = {isa = PBXFileReference; lastKnownFileType = text.plist.xml; path = Info.plist; sourceTree = "<group>"; };
		1608D9831DE710BC00636A21 /* Color.swift */ = {isa = PBXFileReference; fileEncoding = 4; lastKnownFileType = sourcecode.swift; path = Color.swift; sourceTree = "<group>"; };
		1608D9851DE710D600636A21 /* FlexboxLayout.xcodeproj */ = {isa = PBXFileReference; lastKnownFileType = "wrapper.pb-project"; name = FlexboxLayout.xcodeproj; path = ../FlexboxLayout.xcodeproj; sourceTree = "<group>"; };
/* End PBXFileReference section */

/* Begin PBXFrameworksBuildPhase section */
		1608D96B1DE710AB00636A21 /* Frameworks */ = {
			isa = PBXFrameworksBuildPhase;
			buildActionMask = 2147483647;
			files = (
				1608D9951DE7110400636A21 /* FlexboxLayout.framework in Frameworks */,
			);
			runOnlyForDeploymentPostprocessing = 0;
		};
/* End PBXFrameworksBuildPhase section */

/* Begin PBXGroup section */
		1608D9651DE710AB00636A21 = {
			isa = PBXGroup;
			children = (
				1608D9851DE710D600636A21 /* FlexboxLayout.xcodeproj */,
				1608D9701DE710AB00636A21 /* Demo */,
				1608D96F1DE710AB00636A21 /* Products */,
			);
			sourceTree = "<group>";
		};
		1608D96F1DE710AB00636A21 /* Products */ = {
			isa = PBXGroup;
			children = (
				1608D96E1DE710AB00636A21 /* Demo.app */,
			);
			name = Products;
			sourceTree = "<group>";
		};
		1608D9701DE710AB00636A21 /* Demo */ = {
			isa = PBXGroup;
			children = (
				1608D9711DE710AB00636A21 /* AppDelegate.swift */,
				1608D9731DE710AB00636A21 /* ViewController.swift */,
				1608D9831DE710BC00636A21 /* Color.swift */,
				1608D9751DE710AB00636A21 /* Main.storyboard */,
				1608D9781DE710AB00636A21 /* Assets.xcassets */,
				1608D97A1DE710AB00636A21 /* LaunchScreen.storyboard */,
				1608D97D1DE710AB00636A21 /* Info.plist */,
			);
			path = Demo;
			sourceTree = "<group>";
		};
		1608D9861DE710D600636A21 /* Products */ = {
			isa = PBXGroup;
			children = (
				1608D98C1DE710D600636A21 /* FlexboxLayout.framework */,
				1608D98E1DE710D600636A21 /* Demo.app */,
				1608D9901DE710D600636A21 /* DemoMacOS.app */,
			);
			name = Products;
			sourceTree = "<group>";
		};
/* End PBXGroup section */

/* Begin PBXNativeTarget section */
		1608D96D1DE710AB00636A21 /* Demo */ = {
			isa = PBXNativeTarget;
			buildConfigurationList = 1608D9801DE710AB00636A21 /* Build configuration list for PBXNativeTarget "Demo" */;
			buildPhases = (
				1608D96A1DE710AB00636A21 /* Sources */,
				1608D96B1DE710AB00636A21 /* Frameworks */,
				1608D96C1DE710AB00636A21 /* Resources */,
				1608D9991DE7110400636A21 /* Embed Frameworks */,
			);
			buildRules = (
			);
			dependencies = (
				1608D9981DE7110400636A21 /* PBXTargetDependency */,
			);
			name = Demo;
			productName = Demo;
			productReference = 1608D96E1DE710AB00636A21 /* Demo.app */;
			productType = "com.apple.product-type.application";
		};
/* End PBXNativeTarget section */

/* Begin PBXProject section */
		1608D9661DE710AB00636A21 /* Project object */ = {
			isa = PBXProject;
			attributes = {
				LastSwiftUpdateCheck = 0800;
				LastUpgradeCheck = 0800;
				ORGANIZATIONNAME = alexusbergo;
				TargetAttributes = {
					1608D96D1DE710AB00636A21 = {
						CreatedOnToolsVersion = 8.0;
						ProvisioningStyle = Automatic;
					};
				};
			};
			buildConfigurationList = 1608D9691DE710AB00636A21 /* Build configuration list for PBXProject "Demo" */;
			compatibilityVersion = "Xcode 3.2";
			developmentRegion = English;
			hasScannedForEncodings = 0;
			knownRegions = (
				en,
				Base,
			);
			mainGroup = 1608D9651DE710AB00636A21;
			productRefGroup = 1608D96F1DE710AB00636A21 /* Products */;
			projectDirPath = "";
			projectReferences = (
				{
					ProductGroup = 1608D9861DE710D600636A21 /* Products */;
					ProjectRef = 1608D9851DE710D600636A21 /* FlexboxLayout.xcodeproj */;
				},
			);
			projectRoot = "";
			targets = (
				1608D96D1DE710AB00636A21 /* Demo */,
			);
		};
/* End PBXProject section */

/* Begin PBXReferenceProxy section */
		1608D98C1DE710D600636A21 /* FlexboxLayout.framework */ = {
			isa = PBXReferenceProxy;
			fileType = wrapper.framework;
			path = FlexboxLayout.framework;
			remoteRef = 1608D98B1DE710D600636A21 /* PBXContainerItemProxy */;
			sourceTree = BUILT_PRODUCTS_DIR;
		};
		1608D98E1DE710D600636A21 /* Demo.app */ = {
			isa = PBXReferenceProxy;
			fileType = wrapper.application;
			path = Demo.app;
			remoteRef = 1608D98D1DE710D600636A21 /* PBXContainerItemProxy */;
			sourceTree = BUILT_PRODUCTS_DIR;
		};
		1608D9901DE710D600636A21 /* DemoMacOS.app */ = {
			isa = PBXReferenceProxy;
			fileType = wrapper.application;
			path = DemoMacOS.app;
			remoteRef = 1608D98F1DE710D600636A21 /* PBXContainerItemProxy */;
			sourceTree = BUILT_PRODUCTS_DIR;
		};
/* End PBXReferenceProxy section */

/* Begin PBXResourcesBuildPhase section */
		1608D96C1DE710AB00636A21 /* Resources */ = {
			isa = PBXResourcesBuildPhase;
			buildActionMask = 2147483647;
			files = (
				1608D97C1DE710AB00636A21 /* LaunchScreen.storyboard in Resources */,
				1608D9791DE710AB00636A21 /* Assets.xcassets in Resources */,
				1608D9771DE710AB00636A21 /* Main.storyboard in Resources */,
			);
			runOnlyForDeploymentPostprocessing = 0;
		};
/* End PBXResourcesBuildPhase section */

/* Begin PBXSourcesBuildPhase section */
		1608D96A1DE710AB00636A21 /* Sources */ = {
			isa = PBXSourcesBuildPhase;
			buildActionMask = 2147483647;
			files = (
				1608D9741DE710AB00636A21 /* ViewController.swift in Sources */,
				1608D9721DE710AB00636A21 /* AppDelegate.swift in Sources */,
				1608D9841DE710BC00636A21 /* Color.swift in Sources */,
			);
			runOnlyForDeploymentPostprocessing = 0;
		};
/* End PBXSourcesBuildPhase section */

/* Begin PBXTargetDependency section */
		1608D9981DE7110400636A21 /* PBXTargetDependency */ = {
			isa = PBXTargetDependency;
			name = FlexboxLayout;
			targetProxy = 1608D9971DE7110400636A21 /* PBXContainerItemProxy */;
		};
/* End PBXTargetDependency section */

/* Begin PBXVariantGroup section */
		1608D9751DE710AB00636A21 /* Main.storyboard */ = {
			isa = PBXVariantGroup;
			children = (
				1608D9761DE710AB00636A21 /* Base */,
			);
			name = Main.storyboard;
			sourceTree = "<group>";
		};
		1608D97A1DE710AB00636A21 /* LaunchScreen.storyboard */ = {
			isa = PBXVariantGroup;
			children = (
				1608D97B1DE710AB00636A21 /* Base */,
			);
			name = LaunchScreen.storyboard;
			sourceTree = "<group>";
		};
/* End PBXVariantGroup section */

/* Begin XCBuildConfiguration section */
		1608D97E1DE710AB00636A21 /* Debug */ = {
			isa = XCBuildConfiguration;
			buildSettings = {
				ALWAYS_SEARCH_USER_PATHS = NO;
				CLANG_ANALYZER_NONNULL = YES;
				CLANG_CXX_LANGUAGE_STANDARD = "gnu++0x";
				CLANG_CXX_LIBRARY = "libc++";
				CLANG_ENABLE_MODULES = YES;
				CLANG_ENABLE_OBJC_ARC = YES;
				CLANG_WARN_BOOL_CONVERSION = YES;
				CLANG_WARN_CONSTANT_CONVERSION = YES;
				CLANG_WARN_DIRECT_OBJC_ISA_USAGE = YES_ERROR;
				CLANG_WARN_DOCUMENTATION_COMMENTS = YES;
				CLANG_WARN_EMPTY_BODY = YES;
				CLANG_WARN_ENUM_CONVERSION = YES;
				CLANG_WARN_INFINITE_RECURSION = YES;
				CLANG_WARN_INT_CONVERSION = YES;
				CLANG_WARN_OBJC_ROOT_CLASS = YES_ERROR;
				CLANG_WARN_SUSPICIOUS_MOVES = YES;
				CLANG_WARN_UNREACHABLE_CODE = YES;
				CLANG_WARN__DUPLICATE_METHOD_MATCH = YES;
				"CODE_SIGN_IDENTITY[sdk=iphoneos*]" = "iPhone Developer";
				COPY_PHASE_STRIP = NO;
				DEBUG_INFORMATION_FORMAT = dwarf;
				ENABLE_STRICT_OBJC_MSGSEND = YES;
				ENABLE_TESTABILITY = YES;
				GCC_C_LANGUAGE_STANDARD = gnu99;
				GCC_DYNAMIC_NO_PIC = NO;
				GCC_NO_COMMON_BLOCKS = YES;
				GCC_OPTIMIZATION_LEVEL = 0;
				GCC_PREPROCESSOR_DEFINITIONS = (
					"DEBUG=1",
					"$(inherited)",
				);
				GCC_WARN_64_TO_32_BIT_CONVERSION = YES;
				GCC_WARN_ABOUT_RETURN_TYPE = YES_ERROR;
				GCC_WARN_UNDECLARED_SELECTOR = YES;
				GCC_WARN_UNINITIALIZED_AUTOS = YES_AGGRESSIVE;
				GCC_WARN_UNUSED_FUNCTION = YES;
				GCC_WARN_UNUSED_VARIABLE = YES;
				IPHONEOS_DEPLOYMENT_TARGET = 10.0;
				MTL_ENABLE_DEBUG_INFO = YES;
				ONLY_ACTIVE_ARCH = YES;
				SDKROOT = iphoneos;
				SWIFT_ACTIVE_COMPILATION_CONDITIONS = DEBUG;
				SWIFT_OPTIMIZATION_LEVEL = "-Onone";
				TARGETED_DEVICE_FAMILY = "1,2";
			};
			name = Debug;
		};
		1608D97F1DE710AB00636A21 /* Release */ = {
			isa = XCBuildConfiguration;
			buildSettings = {
				ALWAYS_SEARCH_USER_PATHS = NO;
				CLANG_ANALYZER_NONNULL = YES;
				CLANG_CXX_LANGUAGE_STANDARD = "gnu++0x";
				CLANG_CXX_LIBRARY = "libc++";
				CLANG_ENABLE_MODULES = YES;
				CLANG_ENABLE_OBJC_ARC = YES;
				CLANG_WARN_BOOL_CONVERSION = YES;
				CLANG_WARN_CONSTANT_CONVERSION = YES;
				CLANG_WARN_DIRECT_OBJC_ISA_USAGE = YES_ERROR;
				CLANG_WARN_DOCUMENTATION_COMMENTS = YES;
				CLANG_WARN_EMPTY_BODY = YES;
				CLANG_WARN_ENUM_CONVERSION = YES;
				CLANG_WARN_INFINITE_RECURSION = YES;
				CLANG_WARN_INT_CONVERSION = YES;
				CLANG_WARN_OBJC_ROOT_CLASS = YES_ERROR;
				CLANG_WARN_SUSPICIOUS_MOVES = YES;
				CLANG_WARN_UNREACHABLE_CODE = YES;
				CLANG_WARN__DUPLICATE_METHOD_MATCH = YES;
				"CODE_SIGN_IDENTITY[sdk=iphoneos*]" = "iPhone Developer";
				COPY_PHASE_STRIP = NO;
				DEBUG_INFORMATION_FORMAT = "dwarf-with-dsym";
				ENABLE_NS_ASSERTIONS = NO;
				ENABLE_STRICT_OBJC_MSGSEND = YES;
				GCC_C_LANGUAGE_STANDARD = gnu99;
				GCC_NO_COMMON_BLOCKS = YES;
				GCC_WARN_64_TO_32_BIT_CONVERSION = YES;
				GCC_WARN_ABOUT_RETURN_TYPE = YES_ERROR;
				GCC_WARN_UNDECLARED_SELECTOR = YES;
				GCC_WARN_UNINITIALIZED_AUTOS = YES_AGGRESSIVE;
				GCC_WARN_UNUSED_FUNCTION = YES;
				GCC_WARN_UNUSED_VARIABLE = YES;
				IPHONEOS_DEPLOYMENT_TARGET = 10.0;
				MTL_ENABLE_DEBUG_INFO = NO;
				SDKROOT = iphoneos;
				SWIFT_OPTIMIZATION_LEVEL = "-Owholemodule";
				TARGETED_DEVICE_FAMILY = "1,2";
				VALIDATE_PRODUCT = YES;
			};
			name = Release;
		};
		1608D9811DE710AB00636A21 /* Debug */ = {
			isa = XCBuildConfiguration;
			buildSettings = {
				ALWAYS_EMBED_SWIFT_STANDARD_LIBRARIES = YES;
				ASSETCATALOG_COMPILER_APPICON_NAME = AppIcon;
				INFOPLIST_FILE = Demo/Info.plist;
				LD_RUNPATH_SEARCH_PATHS = "$(inherited) @executable_path/Frameworks";
				PRODUCT_BUNDLE_IDENTIFIER = com.alexdrone.Demo;
				PRODUCT_NAME = "$(TARGET_NAME)";
				SWIFT_VERSION = 3.0;
			};
			name = Debug;
		};
		1608D9821DE710AB00636A21 /* Release */ = {
			isa = XCBuildConfiguration;
			buildSettings = {
				ALWAYS_EMBED_SWIFT_STANDARD_LIBRARIES = YES;
				ASSETCATALOG_COMPILER_APPICON_NAME = AppIcon;
				INFOPLIST_FILE = Demo/Info.plist;
				LD_RUNPATH_SEARCH_PATHS = "$(inherited) @executable_path/Frameworks";
				PRODUCT_BUNDLE_IDENTIFIER = com.alexdrone.Demo;
				PRODUCT_NAME = "$(TARGET_NAME)";
				SWIFT_VERSION = 3.0;
			};
			name = Release;
		};
/* End XCBuildConfiguration section */

/* Begin XCConfigurationList section */
		1608D9691DE710AB00636A21 /* Build configuration list for PBXProject "Demo" */ = {
			isa = XCConfigurationList;
			buildConfigurations = (
				1608D97E1DE710AB00636A21 /* Debug */,
				1608D97F1DE710AB00636A21 /* Release */,
			);
			defaultConfigurationIsVisible = 0;
			defaultConfigurationName = Release;
		};
		1608D9801DE710AB00636A21 /* Build configuration list for PBXNativeTarget "Demo" */ = {
			isa = XCConfigurationList;
			buildConfigurations = (
				1608D9811DE710AB00636A21 /* Debug */,
				1608D9821DE710AB00636A21 /* Release */,
			);
			defaultConfigurationIsVisible = 0;
			defaultConfigurationName = Release;
		};
/* End XCConfigurationList section */
	};
	rootObject = 1608D9661DE710AB00636A21 /* Project object */;
}
