// !$*UTF8*$!
{
	archiveVersion = 1;
	classes = {
	};
	objectVersion = 46;
	objects = {

/* Begin PBXBuildFile section */
		16BEA83C1D8888CB008958DB /* AppDelegate.swift in Sources */ = {isa = PBXBuildFile; fileRef = 16BEA83B1D8888CB008958DB /* AppDelegate.swift */; };
		16BEA83E1D8888CB008958DB /* ViewController.swift in Sources */ = {isa = PBXBuildFile; fileRef = 16BEA83D1D8888CB008958DB /* ViewController.swift */; };
		16BEA8411D8888CB008958DB /* Main.storyboard in Resources */ = {isa = PBXBuildFile; fileRef = 16BEA83F1D8888CB008958DB /* Main.storyboard */; };
		16BEA8461D8888CB008958DB /* LaunchScreen.storyboard in Resources */ = {isa = PBXBuildFile; fileRef = 16BEA8441D8888CB008958DB /* LaunchScreen.storyboard */; };
		16BEA86B1D88891E008958DB /* FlexboxLayout.framework in Frameworks */ = {isa = PBXBuildFile; fileRef = 16BEA8621D8888F9008958DB /* FlexboxLayout.framework */; };
		16BEA86C1D88891E008958DB /* FlexboxLayout.framework in Embed Frameworks */ = {isa = PBXBuildFile; fileRef = 16BEA8621D8888F9008958DB /* FlexboxLayout.framework */; settings = {ATTRIBUTES = (CodeSignOnCopy, RemoveHeadersOnCopy, ); }; };
		16BEA8711D888980008958DB /* Colors.swift in Sources */ = {isa = PBXBuildFile; fileRef = 16BEA8701D888980008958DB /* Colors.swift */; };
/* End PBXBuildFile section */

/* Begin PBXContainerItemProxy section */
		16BEA84D1D8888CB008958DB /* PBXContainerItemProxy */ = {
			isa = PBXContainerItemProxy;
			containerPortal = 16BEA8301D8888CB008958DB /* Project object */;
			proxyType = 1;
			remoteGlobalIDString = 16BEA8371D8888CB008958DB;
			remoteInfo = FlexboxDemo;
		};
		16BEA8611D8888F9008958DB /* PBXContainerItemProxy */ = {
			isa = PBXContainerItemProxy;
			containerPortal = 16BEA85B1D8888F9008958DB /* FlexboxLayout.xcodeproj */;
			proxyType = 2;
			remoteGlobalIDString = 16C073791C889D09005EB8DD;
			remoteInfo = FlexboxLayout;
		};
		16BEA8631D8888F9008958DB /* PBXContainerItemProxy */ = {
			isa = PBXContainerItemProxy;
			containerPortal = 16BEA85B1D8888F9008958DB /* FlexboxLayout.xcodeproj */;
			proxyType = 2;
			remoteGlobalIDString = 168E96411C89AF6B00AEEC7F;
			remoteInfo = Demo;
		};
		16BEA8651D8888F9008958DB /* PBXContainerItemProxy */ = {
			isa = PBXContainerItemProxy;
			containerPortal = 16BEA85B1D8888F9008958DB /* FlexboxLayout.xcodeproj */;
			proxyType = 2;
			remoteGlobalIDString = 161499111CEC8CDD00021604;
			remoteInfo = DemoMacOS;
		};
		16BEA86D1D88891E008958DB /* PBXContainerItemProxy */ = {
			isa = PBXContainerItemProxy;
			containerPortal = 16BEA85B1D8888F9008958DB /* FlexboxLayout.xcodeproj */;
			proxyType = 1;
			remoteGlobalIDString = 16C073781C889D09005EB8DD;
			remoteInfo = FlexboxLayout;
		};
/* End PBXContainerItemProxy section */

/* Begin PBXCopyFilesBuildPhase section */
		16BEA86F1D88891E008958DB /* Embed Frameworks */ = {
			isa = PBXCopyFilesBuildPhase;
			buildActionMask = 2147483647;
			dstPath = "";
			dstSubfolderSpec = 10;
			files = (
				16BEA86C1D88891E008958DB /* FlexboxLayout.framework in Embed Frameworks */,
			);
			name = "Embed Frameworks";
			runOnlyForDeploymentPostprocessing = 0;
		};
/* End PBXCopyFilesBuildPhase section */

/* Begin PBXFileReference section */
		16BEA8381D8888CB008958DB /* FlexboxDemo.app */ = {isa = PBXFileReference; explicitFileType = wrapper.application; includeInIndex = 0; path = FlexboxDemo.app; sourceTree = BUILT_PRODUCTS_DIR; };
		16BEA83B1D8888CB008958DB /* AppDelegate.swift */ = {isa = PBXFileReference; lastKnownFileType = sourcecode.swift; path = AppDelegate.swift; sourceTree = "<group>"; };
		16BEA83D1D8888CB008958DB /* ViewController.swift */ = {isa = PBXFileReference; lastKnownFileType = sourcecode.swift; path = ViewController.swift; sourceTree = "<group>"; };
		16BEA8401D8888CB008958DB /* Base */ = {isa = PBXFileReference; lastKnownFileType = file.storyboard; name = Base; path = Base.lproj/Main.storyboard; sourceTree = "<group>"; };
		16BEA8451D8888CB008958DB /* Base */ = {isa = PBXFileReference; lastKnownFileType = file.storyboard; name = Base; path = Base.lproj/LaunchScreen.storyboard; sourceTree = "<group>"; };
		16BEA8471D8888CB008958DB /* Info.plist */ = {isa = PBXFileReference; lastKnownFileType = text.plist.xml; path = Info.plist; sourceTree = "<group>"; };
		16BEA84C1D8888CB008958DB /* FlexboxDemoUITests.xctest */ = {isa = PBXFileReference; explicitFileType = wrapper.cfbundle; includeInIndex = 0; path = FlexboxDemoUITests.xctest; sourceTree = BUILT_PRODUCTS_DIR; };
		16BEA85B1D8888F9008958DB /* FlexboxLayout.xcodeproj */ = {isa = PBXFileReference; lastKnownFileType = "wrapper.pb-project"; name = FlexboxLayout.xcodeproj; path = ../FlexboxLayout.xcodeproj; sourceTree = "<group>"; };
		16BEA8701D888980008958DB /* Colors.swift */ = {isa = PBXFileReference; fileEncoding = 4; lastKnownFileType = sourcecode.swift; path = Colors.swift; sourceTree = "<group>"; };
/* End PBXFileReference section */

/* Begin PBXFrameworksBuildPhase section */
		16BEA8351D8888CB008958DB /* Frameworks */ = {
			isa = PBXFrameworksBuildPhase;
			buildActionMask = 2147483647;
			files = (
				16BEA86B1D88891E008958DB /* FlexboxLayout.framework in Frameworks */,
			);
			runOnlyForDeploymentPostprocessing = 0;
		};
		16BEA8491D8888CB008958DB /* Frameworks */ = {
			isa = PBXFrameworksBuildPhase;
			buildActionMask = 2147483647;
			files = (
			);
			runOnlyForDeploymentPostprocessing = 0;
		};
/* End PBXFrameworksBuildPhase section */

/* Begin PBXGroup section */
		16BEA82F1D8888CB008958DB = {
			isa = PBXGroup;
			children = (
				16BEA85B1D8888F9008958DB /* FlexboxLayout.xcodeproj */,
				16BEA83A1D8888CB008958DB /* FlexboxDemo */,
				16BEA8391D8888CB008958DB /* Products */,
			);
			sourceTree = "<group>";
		};
		16BEA8391D8888CB008958DB /* Products */ = {
			isa = PBXGroup;
			children = (
				16BEA8381D8888CB008958DB /* FlexboxDemo.app */,
				16BEA84C1D8888CB008958DB /* FlexboxDemoUITests.xctest */,
			);
			name = Products;
			sourceTree = "<group>";
		};
		16BEA83A1D8888CB008958DB /* FlexboxDemo */ = {
			isa = PBXGroup;
			children = (
				16BEA83B1D8888CB008958DB /* AppDelegate.swift */,
				16BEA83D1D8888CB008958DB /* ViewController.swift */,
				16BEA83F1D8888CB008958DB /* Main.storyboard */,
				16BEA8441D8888CB008958DB /* LaunchScreen.storyboard */,
				16BEA8471D8888CB008958DB /* Info.plist */,
				16BEA8701D888980008958DB /* Colors.swift */,
			);
			path = FlexboxDemo;
			sourceTree = "<group>";
		};
		16BEA85C1D8888F9008958DB /* Products */ = {
			isa = PBXGroup;
			children = (
				16BEA8621D8888F9008958DB /* FlexboxLayout.framework */,
				16BEA8641D8888F9008958DB /* Demo.app */,
				16BEA8661D8888F9008958DB /* DemoMacOS.app */,
			);
			name = Products;
			sourceTree = "<group>";
		};
/* End PBXGroup section */

/* Begin PBXNativeTarget section */
		16BEA8371D8888CB008958DB /* FlexboxDemo */ = {
			isa = PBXNativeTarget;
			buildConfigurationList = 16BEA8551D8888CB008958DB /* Build configuration list for PBXNativeTarget "FlexboxDemo" */;
			buildPhases = (
				16BEA8341D8888CB008958DB /* Sources */,
				16BEA8351D8888CB008958DB /* Frameworks */,
				16BEA8361D8888CB008958DB /* Resources */,
				16BEA86F1D88891E008958DB /* Embed Frameworks */,
			);
			buildRules = (
			);
			dependencies = (
				16BEA86E1D88891E008958DB /* PBXTargetDependency */,
			);
			name = FlexboxDemo;
			productName = FlexboxDemo;
			productReference = 16BEA8381D8888CB008958DB /* FlexboxDemo.app */;
			productType = "com.apple.product-type.application";
		};
		16BEA84B1D8888CB008958DB /* FlexboxDemoUITests */ = {
			isa = PBXNativeTarget;
			buildConfigurationList = 16BEA8581D8888CB008958DB /* Build configuration list for PBXNativeTarget "FlexboxDemoUITests" */;
			buildPhases = (
				16BEA8481D8888CB008958DB /* Sources */,
				16BEA8491D8888CB008958DB /* Frameworks */,
				16BEA84A1D8888CB008958DB /* Resources */,
			);
			buildRules = (
			);
			dependencies = (
				16BEA84E1D8888CB008958DB /* PBXTargetDependency */,
			);
			name = FlexboxDemoUITests;
			productName = FlexboxDemoUITests;
			productReference = 16BEA84C1D8888CB008958DB /* FlexboxDemoUITests.xctest */;
			productType = "com.apple.product-type.bundle.ui-testing";
		};
/* End PBXNativeTarget section */

/* Begin PBXProject section */
		16BEA8301D8888CB008958DB /* Project object */ = {
			isa = PBXProject;
			attributes = {
				LastSwiftUpdateCheck = 0800;
				LastUpgradeCheck = 0800;
				ORGANIZATIONNAME = "Alex Usbergo";
				TargetAttributes = {
					16BEA8371D8888CB008958DB = {
						CreatedOnToolsVersion = 8.0;
						LastSwiftMigration = 0800;
						ProvisioningStyle = Automatic;
					};
					16BEA84B1D8888CB008958DB = {
						CreatedOnToolsVersion = 8.0;
						ProvisioningStyle = Automatic;
						TestTargetID = 16BEA8371D8888CB008958DB;
					};
				};
			};
			buildConfigurationList = 16BEA8331D8888CB008958DB /* Build configuration list for PBXProject "FlexboxDemo" */;
			compatibilityVersion = "Xcode 3.2";
			developmentRegion = English;
			hasScannedForEncodings = 0;
			knownRegions = (
				en,
				Base,
			);
			mainGroup = 16BEA82F1D8888CB008958DB;
			productRefGroup = 16BEA8391D8888CB008958DB /* Products */;
			projectDirPath = "";
			projectReferences = (
				{
					ProductGroup = 16BEA85C1D8888F9008958DB /* Products */;
					ProjectRef = 16BEA85B1D8888F9008958DB /* FlexboxLayout.xcodeproj */;
				},
			);
			projectRoot = "";
			targets = (
				16BEA8371D8888CB008958DB /* FlexboxDemo */,
				16BEA84B1D8888CB008958DB /* FlexboxDemoUITests */,
			);
		};
/* End PBXProject section */

/* Begin PBXReferenceProxy section */
		16BEA8621D8888F9008958DB /* FlexboxLayout.framework */ = {
			isa = PBXReferenceProxy;
			fileType = wrapper.framework;
			path = FlexboxLayout.framework;
			remoteRef = 16BEA8611D8888F9008958DB /* PBXContainerItemProxy */;
			sourceTree = BUILT_PRODUCTS_DIR;
		};
		16BEA8641D8888F9008958DB /* Demo.app */ = {
			isa = PBXReferenceProxy;
			fileType = wrapper.application;
			path = Demo.app;
			remoteRef = 16BEA8631D8888F9008958DB /* PBXContainerItemProxy */;
			sourceTree = BUILT_PRODUCTS_DIR;
		};
		16BEA8661D8888F9008958DB /* DemoMacOS.app */ = {
			isa = PBXReferenceProxy;
			fileType = wrapper.application;
			path = DemoMacOS.app;
			remoteRef = 16BEA8651D8888F9008958DB /* PBXContainerItemProxy */;
			sourceTree = BUILT_PRODUCTS_DIR;
		};
/* End PBXReferenceProxy section */

/* Begin PBXResourcesBuildPhase section */
		16BEA8361D8888CB008958DB /* Resources */ = {
			isa = PBXResourcesBuildPhase;
			buildActionMask = 2147483647;
			files = (
				16BEA8461D8888CB008958DB /* LaunchScreen.storyboard in Resources */,
				16BEA8411D8888CB008958DB /* Main.storyboard in Resources */,
			);
			runOnlyForDeploymentPostprocessing = 0;
		};
		16BEA84A1D8888CB008958DB /* Resources */ = {
			isa = PBXResourcesBuildPhase;
			buildActionMask = 2147483647;
			files = (
			);
			runOnlyForDeploymentPostprocessing = 0;
		};
/* End PBXResourcesBuildPhase section */

/* Begin PBXSourcesBuildPhase section */
		16BEA8341D8888CB008958DB /* Sources */ = {
			isa = PBXSourcesBuildPhase;
			buildActionMask = 2147483647;
			files = (
				16BEA83E1D8888CB008958DB /* ViewController.swift in Sources */,
				16BEA8711D888980008958DB /* Colors.swift in Sources */,
				16BEA83C1D8888CB008958DB /* AppDelegate.swift in Sources */,
			);
			runOnlyForDeploymentPostprocessing = 0;
		};
		16BEA8481D8888CB008958DB /* Sources */ = {
			isa = PBXSourcesBuildPhase;
			buildActionMask = 2147483647;
			files = (
			);
			runOnlyForDeploymentPostprocessing = 0;
		};
/* End PBXSourcesBuildPhase section */

/* Begin PBXTargetDependency section */
		16BEA84E1D8888CB008958DB /* PBXTargetDependency */ = {
			isa = PBXTargetDependency;
			target = 16BEA8371D8888CB008958DB /* FlexboxDemo */;
			targetProxy = 16BEA84D1D8888CB008958DB /* PBXContainerItemProxy */;
		};
		16BEA86E1D88891E008958DB /* PBXTargetDependency */ = {
			isa = PBXTargetDependency;
			name = FlexboxLayout;
			targetProxy = 16BEA86D1D88891E008958DB /* PBXContainerItemProxy */;
		};
/* End PBXTargetDependency section */

/* Begin PBXVariantGroup section */
		16BEA83F1D8888CB008958DB /* Main.storyboard */ = {
			isa = PBXVariantGroup;
			children = (
				16BEA8401D8888CB008958DB /* Base */,
			);
			name = Main.storyboard;
			sourceTree = "<group>";
		};
		16BEA8441D8888CB008958DB /* LaunchScreen.storyboard */ = {
			isa = PBXVariantGroup;
			children = (
				16BEA8451D8888CB008958DB /* Base */,
			);
			name = LaunchScreen.storyboard;
			sourceTree = "<group>";
		};
/* End PBXVariantGroup section */

/* Begin XCBuildConfiguration section */
		16BEA8531D8888CB008958DB /* Debug */ = {
			isa = XCBuildConfiguration;
			buildSettings = {
				ALWAYS_SEARCH_USER_PATHS = NO;
				CLANG_ANALYZER_NONNULL = YES;
				CLANG_CXX_LANGUAGE_STANDARD = "gnu++0x";
				CLANG_CXX_LIBRARY = "libc++";
				CLANG_ENABLE_MODULES = YES;
				CLANG_ENABLE_OBJC_ARC = YES;
				CLANG_WARN_BOOL_CONVERSION = YES;
				CLANG_WARN_CONSTANT_CONVERSION = YES;
				CLANG_WARN_DIRECT_OBJC_ISA_USAGE = YES_ERROR;
				CLANG_WARN_DOCUMENTATION_COMMENTS = YES;
				CLANG_WARN_EMPTY_BODY = YES;
				CLANG_WARN_ENUM_CONVERSION = YES;
				CLANG_WARN_INFINITE_RECURSION = YES;
				CLANG_WARN_INT_CONVERSION = YES;
				CLANG_WARN_OBJC_ROOT_CLASS = YES_ERROR;
				CLANG_WARN_SUSPICIOUS_MOVES = YES;
				CLANG_WARN_UNREACHABLE_CODE = YES;
				CLANG_WARN__DUPLICATE_METHOD_MATCH = YES;
				"CODE_SIGN_IDENTITY[sdk=iphoneos*]" = "iPhone Developer";
				COPY_PHASE_STRIP = NO;
				DEBUG_INFORMATION_FORMAT = dwarf;
				ENABLE_STRICT_OBJC_MSGSEND = YES;
				ENABLE_TESTABILITY = YES;
				GCC_C_LANGUAGE_STANDARD = gnu99;
				GCC_DYNAMIC_NO_PIC = NO;
				GCC_NO_COMMON_BLOCKS = YES;
				GCC_OPTIMIZATION_LEVEL = 0;
				GCC_PREPROCESSOR_DEFINITIONS = (
					"DEBUG=1",
					"$(inherited)",
				);
				GCC_WARN_64_TO_32_BIT_CONVERSION = YES;
				GCC_WARN_ABOUT_RETURN_TYPE = YES_ERROR;
				GCC_WARN_UNDECLARED_SELECTOR = YES;
				GCC_WARN_UNINITIALIZED_AUTOS = YES_AGGRESSIVE;
				GCC_WARN_UNUSED_FUNCTION = YES;
				GCC_WARN_UNUSED_VARIABLE = YES;
				IPHONEOS_DEPLOYMENT_TARGET = 10.0;
				MTL_ENABLE_DEBUG_INFO = YES;
				ONLY_ACTIVE_ARCH = YES;
				SDKROOT = iphoneos;
				SWIFT_ACTIVE_COMPILATION_CONDITIONS = DEBUG;
				SWIFT_OPTIMIZATION_LEVEL = "-Onone";
				TARGETED_DEVICE_FAMILY = "1,2";
			};
			name = Debug;
		};
		16BEA8541D8888CB008958DB /* Release */ = {
			isa = XCBuildConfiguration;
			buildSettings = {
				ALWAYS_SEARCH_USER_PATHS = NO;
				CLANG_ANALYZER_NONNULL = YES;
				CLANG_CXX_LANGUAGE_STANDARD = "gnu++0x";
				CLANG_CXX_LIBRARY = "libc++";
				CLANG_ENABLE_MODULES = YES;
				CLANG_ENABLE_OBJC_ARC = YES;
				CLANG_WARN_BOOL_CONVERSION = YES;
				CLANG_WARN_CONSTANT_CONVERSION = YES;
				CLANG_WARN_DIRECT_OBJC_ISA_USAGE = YES_ERROR;
				CLANG_WARN_DOCUMENTATION_COMMENTS = YES;
				CLANG_WARN_EMPTY_BODY = YES;
				CLANG_WARN_ENUM_CONVERSION = YES;
				CLANG_WARN_INFINITE_RECURSION = YES;
				CLANG_WARN_INT_CONVERSION = YES;
				CLANG_WARN_OBJC_ROOT_CLASS = YES_ERROR;
				CLANG_WARN_SUSPICIOUS_MOVES = YES;
				CLANG_WARN_UNREACHABLE_CODE = YES;
				CLANG_WARN__DUPLICATE_METHOD_MATCH = YES;
				"CODE_SIGN_IDENTITY[sdk=iphoneos*]" = "iPhone Developer";
				COPY_PHASE_STRIP = NO;
				DEBUG_INFORMATION_FORMAT = "dwarf-with-dsym";
				ENABLE_NS_ASSERTIONS = NO;
				ENABLE_STRICT_OBJC_MSGSEND = YES;
				GCC_C_LANGUAGE_STANDARD = gnu99;
				GCC_NO_COMMON_BLOCKS = YES;
				GCC_WARN_64_TO_32_BIT_CONVERSION = YES;
				GCC_WARN_ABOUT_RETURN_TYPE = YES_ERROR;
				GCC_WARN_UNDECLARED_SELECTOR = YES;
				GCC_WARN_UNINITIALIZED_AUTOS = YES_AGGRESSIVE;
				GCC_WARN_UNUSED_FUNCTION = YES;
				GCC_WARN_UNUSED_VARIABLE = YES;
				IPHONEOS_DEPLOYMENT_TARGET = 10.0;
				MTL_ENABLE_DEBUG_INFO = NO;
				SDKROOT = iphoneos;
				SWIFT_OPTIMIZATION_LEVEL = "-Owholemodule";
				TARGETED_DEVICE_FAMILY = "1,2";
				VALIDATE_PRODUCT = YES;
			};
			name = Release;
		};
		16BEA8561D8888CB008958DB /* Debug */ = {
			isa = XCBuildConfiguration;
			buildSettings = {
				ALWAYS_EMBED_SWIFT_STANDARD_LIBRARIES = YES;
				ASSETCATALOG_COMPILER_APPICON_NAME = AppIcon;
				INFOPLIST_FILE = FlexboxDemo/Info.plist;
				LD_RUNPATH_SEARCH_PATHS = "$(inherited) @executable_path/Frameworks";
				PRODUCT_BUNDLE_IDENTIFIER = com.alexdrone.FlexboxDemo;
				PRODUCT_NAME = "$(TARGET_NAME)";
				SWIFT_VERSION = 3.0;
			};
			name = Debug;
		};
		16BEA8571D8888CB008958DB /* Release */ = {
			isa = XCBuildConfiguration;
			buildSettings = {
				ALWAYS_EMBED_SWIFT_STANDARD_LIBRARIES = YES;
				ASSETCATALOG_COMPILER_APPICON_NAME = AppIcon;
				INFOPLIST_FILE = FlexboxDemo/Info.plist;
				LD_RUNPATH_SEARCH_PATHS = "$(inherited) @executable_path/Frameworks";
				PRODUCT_BUNDLE_IDENTIFIER = com.alexdrone.FlexboxDemo;
				PRODUCT_NAME = "$(TARGET_NAME)";
				SWIFT_VERSION = 3.0;
			};
			name = Release;
		};
		16BEA8591D8888CB008958DB /* Debug */ = {
			isa = XCBuildConfiguration;
			buildSettings = {
				ALWAYS_EMBED_SWIFT_STANDARD_LIBRARIES = YES;
				INFOPLIST_FILE = FlexboxDemoUITests/Info.plist;
				LD_RUNPATH_SEARCH_PATHS = "$(inherited) @executable_path/Frameworks @loader_path/Frameworks";
				PRODUCT_BUNDLE_IDENTIFIER = com.alexdrone.FlexboxDemoUITests;
				PRODUCT_NAME = "$(TARGET_NAME)";
				SWIFT_VERSION = 3.0;
				TEST_TARGET_NAME = FlexboxDemo;
			};
			name = Debug;
		};
		16BEA85A1D8888CB008958DB /* Release */ = {
			isa = XCBuildConfiguration;
			buildSettings = {
				ALWAYS_EMBED_SWIFT_STANDARD_LIBRARIES = YES;
				INFOPLIST_FILE = FlexboxDemoUITests/Info.plist;
				LD_RUNPATH_SEARCH_PATHS = "$(inherited) @executable_path/Frameworks @loader_path/Frameworks";
				PRODUCT_BUNDLE_IDENTIFIER = com.alexdrone.FlexboxDemoUITests;
				PRODUCT_NAME = "$(TARGET_NAME)";
				SWIFT_VERSION = 3.0;
				TEST_TARGET_NAME = FlexboxDemo;
			};
			name = Release;
		};
/* End XCBuildConfiguration section */

/* Begin XCConfigurationList section */
		16BEA8331D8888CB008958DB /* Build configuration list for PBXProject "FlexboxDemo" */ = {
			isa = XCConfigurationList;
			buildConfigurations = (
				16BEA8531D8888CB008958DB /* Debug */,
				16BEA8541D8888CB008958DB /* Release */,
			);
			defaultConfigurationIsVisible = 0;
			defaultConfigurationName = Release;
		};
		16BEA8551D8888CB008958DB /* Build configuration list for PBXNativeTarget "FlexboxDemo" */ = {
			isa = XCConfigurationList;
			buildConfigurations = (
				16BEA8561D8888CB008958DB /* Debug */,
				16BEA8571D8888CB008958DB /* Release */,
			);
			defaultConfigurationIsVisible = 0;
			defaultConfigurationName = Release;
		};
		16BEA8581D8888CB008958DB /* Build configuration list for PBXNativeTarget "FlexboxDemoUITests" */ = {
			isa = XCConfigurationList;
			buildConfigurations = (
				16BEA8591D8888CB008958DB /* Debug */,
				16BEA85A1D8888CB008958DB /* Release */,
			);
			defaultConfigurationIsVisible = 0;
			defaultConfigurationName = Release;
		};
/* End XCConfigurationList section */
	};
	rootObject = 16BEA8301D8888CB008958DB /* Project object */;
}
